
Microsoft Visual Studio Solution File, Format Version 12.00
# Visual Studio Version 17
VisualStudioVersion = 17.6.33801.468
MinimumVisualStudioVersion = 10.0.40219.1
Project("{FAE04EC0-301F-11D3-BF4B-00C04F79EFBC}") = "winformsCrud", "winformsCrud\winformsCrud.csproj", "{97940999-B9EC-43F6-8EAE-6DDE045A1597}"
EndProject
Project("{FAE04EC0-301F-11D3-BF4B-00C04F79EFBC}") = "Data", "Data\Data.csproj", "{A76A62BE-0DC1-412E-AE61-030A8DB6C05F}"
EndProject
Global
	GlobalSection(SolutionConfigurationPlatforms) = preSolution
		Debug|Any CPU = Debug|Any CPU
		Release|Any CPU = Release|Any CPU
	EndGlobalSection
	GlobalSection(ProjectConfigurationPlatforms) = postSolution
		{97940999-B9EC-43F6-8EAE-6DDE045A1597}.Debug|Any CPU.ActiveCfg = Debug|Any CPU
		{97940999-B9EC-43F6-8EAE-6DDE045A1597}.Debug|Any CPU.Build.0 = Debug|Any CPU
		{97940999-B9EC-43F6-8EAE-6DDE045A1597}.Release|Any CPU.ActiveCfg = Release|Any CPU
		{97940999-B9EC-43F6-8EAE-6DDE045A1597}.Release|Any CPU.Build.0 = Release|Any CPU
		{A76A62BE-0DC1-412E-AE61-030A8DB6C05F}.Debug|Any CPU.ActiveCfg = Debug|Any CPU
		{A76A62BE-0DC1-412E-AE61-030A8DB6C05F}.Debug|Any CPU.Build.0 = Debug|Any CPU
		{A76A62BE-0DC1-412E-AE61-030A8DB6C05F}.Release|Any CPU.ActiveCfg = Release|Any CPU
		{A76A62BE-0DC1-412E-AE61-030A8DB6C05F}.Release|Any CPU.Build.0 = Release|Any CPU
	EndGlobalSection
	GlobalSection(SolutionProperties) = preSolution
		HideSolutionNode = FALSE
	EndGlobalSection
	GlobalSection(ExtensibilityGlobals) = postSolution
		SolutionGuid = {A78D740A-8D29-4138-BB65-9E7891011587}
	EndGlobalSection
EndGlobal
